
Microsoft Visual Studio Solution File, Format Version 12.00
# Visual Studio Version 16
VisualStudioVersion = 16.0.31702.278
MinimumVisualStudioVersion = 10.0.40219.1
Project("{9A19103F-16F7-4668-BE54-9A1E7A4F7556}") = "Quoridor.AI", "Quoridor.AI\Quoridor.AI.csproj", "{16C1CB7A-A8B8-443B-BB8A-4DD1E6561A85}"
EndProject
Project("{9A19103F-16F7-4668-BE54-9A1E7A4F7556}") = "Quoridor.AI.Test", "Quoridor.AI.Test\Quoridor.AI.Test.csproj", "{343C2F59-26B4-4940-97D3-76D9CBDDCCDC}"
EndProject
Project("{9A19103F-16F7-4668-BE54-9A1E7A4F7556}") = "Quoridor.Core", "..\core\Quoridor.Core\Quoridor.Core.csproj", "{458151B9-F3CF-476D-A47E-91A897979AB1}"
EndProject
Global
	GlobalSection(SolutionConfigurationPlatforms) = preSolution
		Debug|Any CPU = Debug|Any CPU
		Release|Any CPU = Release|Any CPU
	EndGlobalSection
	GlobalSection(ProjectConfigurationPlatforms) = postSolution
		{16C1CB7A-A8B8-443B-BB8A-4DD1E6561A85}.Debug|Any CPU.ActiveCfg = Debug|Any CPU
		{16C1CB7A-A8B8-443B-BB8A-4DD1E6561A85}.Debug|Any CPU.Build.0 = Debug|Any CPU
		{16C1CB7A-A8B8-443B-BB8A-4DD1E6561A85}.Release|Any CPU.ActiveCfg = Release|Any CPU
		{16C1CB7A-A8B8-443B-BB8A-4DD1E6561A85}.Release|Any CPU.Build.0 = Release|Any CPU
		{343C2F59-26B4-4940-97D3-76D9CBDDCCDC}.Debug|Any CPU.ActiveCfg = Debug|Any CPU
		{343C2F59-26B4-4940-97D3-76D9CBDDCCDC}.Debug|Any CPU.Build.0 = Debug|Any CPU
		{343C2F59-26B4-4940-97D3-76D9CBDDCCDC}.Release|Any CPU.ActiveCfg = Release|Any CPU
		{343C2F59-26B4-4940-97D3-76D9CBDDCCDC}.Release|Any CPU.Build.0 = Release|Any CPU
		{458151B9-F3CF-476D-A47E-91A897979AB1}.Debug|Any CPU.ActiveCfg = Debug|Any CPU
		{458151B9-F3CF-476D-A47E-91A897979AB1}.Debug|Any CPU.Build.0 = Debug|Any CPU
		{458151B9-F3CF-476D-A47E-91A897979AB1}.Release|Any CPU.ActiveCfg = Release|Any CPU
		{458151B9-F3CF-476D-A47E-91A897979AB1}.Release|Any CPU.Build.0 = Release|Any CPU
	EndGlobalSection
	GlobalSection(SolutionProperties) = preSolution
		HideSolutionNode = FALSE
	EndGlobalSection
	GlobalSection(ExtensibilityGlobals) = postSolution
		SolutionGuid = {98233305-2CDA-4839-BEA7-C3B6540F4DE1}
	EndGlobalSection
EndGlobal
