
Microsoft Visual Studio Solution File, Format Version 12.00
# Visual Studio Version 16
VisualStudioVersion = 16.0.30114.105
MinimumVisualStudioVersion = 10.0.40219.1
Project("{9A19103F-16F7-4668-BE54-9A1E7A4F7556}") = "Quoridor.Console", "Quoridor.Console\Quoridor.Console.csproj", "{5394A3BE-E40A-4B4D-B0E0-84643551775C}"
EndProject
Project("{9A19103F-16F7-4668-BE54-9A1E7A4F7556}") = "Quoridor.Input", "Quoridor.Console.Input\Quoridor.Input.csproj", "{2CA4A2ED-A29C-4FF3-ADD0-0F21DCECCFD3}"
EndProject
Project("{9A19103F-16F7-4668-BE54-9A1E7A4F7556}") = "Quoridor.Output", "Quoridor.Console.Output\Quoridor.Output.csproj", "{BE75285A-04F8-4F50-BAD6-B3E6BFB8C9B4}"
EndProject
Project("{9A19103F-16F7-4668-BE54-9A1E7A4F7556}") = "Quoridor.Player", "Quoridor.Player\Quoridor.Player.csproj", "{76938447-2F96-439D-8E15-ABC9EEFB4354}"
EndProject
Project("{9A19103F-16F7-4668-BE54-9A1E7A4F7556}") = "Quoridor.Core", "..\core\Quoridor.Core\Quoridor.Core.csproj", "{1BAA8DCB-40FA-4036-9626-BADF70AE313F}"
EndProject
Project("{9A19103F-16F7-4668-BE54-9A1E7A4F7556}") = "Quoridor.AI", "..\ai\Quoridor.AI\Quoridor.AI\Quoridor.AI.csproj", "{4877D9B5-6889-48D8-85B9-637755677C40}"
EndProject
Project("{9A19103F-16F7-4668-BE54-9A1E7A4F7556}") = "Quoridor.ExternalInterface", "Quoridor.ExternalInterface\Quoridor.ExternalInterface.csproj", "{9B9A2088-B138-4027-8806-D2F9A579E2C2}"
EndProject
Global
	GlobalSection(SolutionConfigurationPlatforms) = preSolution
		Debug|Any CPU = Debug|Any CPU
		Debug|x64 = Debug|x64
		Debug|x86 = Debug|x86
		Release|Any CPU = Release|Any CPU
		Release|x64 = Release|x64
		Release|x86 = Release|x86
	EndGlobalSection
	GlobalSection(ProjectConfigurationPlatforms) = postSolution
		{5394A3BE-E40A-4B4D-B0E0-84643551775C}.Debug|Any CPU.ActiveCfg = Debug|Any CPU
		{5394A3BE-E40A-4B4D-B0E0-84643551775C}.Debug|Any CPU.Build.0 = Debug|Any CPU
		{5394A3BE-E40A-4B4D-B0E0-84643551775C}.Debug|x64.ActiveCfg = Debug|Any CPU
		{5394A3BE-E40A-4B4D-B0E0-84643551775C}.Debug|x64.Build.0 = Debug|Any CPU
		{5394A3BE-E40A-4B4D-B0E0-84643551775C}.Debug|x86.ActiveCfg = Debug|Any CPU
		{5394A3BE-E40A-4B4D-B0E0-84643551775C}.Debug|x86.Build.0 = Debug|Any CPU
		{5394A3BE-E40A-4B4D-B0E0-84643551775C}.Release|Any CPU.ActiveCfg = Release|Any CPU
		{5394A3BE-E40A-4B4D-B0E0-84643551775C}.Release|Any CPU.Build.0 = Release|Any CPU
		{5394A3BE-E40A-4B4D-B0E0-84643551775C}.Release|x64.ActiveCfg = Release|Any CPU
		{5394A3BE-E40A-4B4D-B0E0-84643551775C}.Release|x64.Build.0 = Release|Any CPU
		{5394A3BE-E40A-4B4D-B0E0-84643551775C}.Release|x86.ActiveCfg = Release|Any CPU
		{5394A3BE-E40A-4B4D-B0E0-84643551775C}.Release|x86.Build.0 = Release|Any CPU
		{2CA4A2ED-A29C-4FF3-ADD0-0F21DCECCFD3}.Debug|Any CPU.ActiveCfg = Debug|Any CPU
		{2CA4A2ED-A29C-4FF3-ADD0-0F21DCECCFD3}.Debug|Any CPU.Build.0 = Debug|Any CPU
		{2CA4A2ED-A29C-4FF3-ADD0-0F21DCECCFD3}.Debug|x64.ActiveCfg = Debug|Any CPU
		{2CA4A2ED-A29C-4FF3-ADD0-0F21DCECCFD3}.Debug|x64.Build.0 = Debug|Any CPU
		{2CA4A2ED-A29C-4FF3-ADD0-0F21DCECCFD3}.Debug|x86.ActiveCfg = Debug|Any CPU
		{2CA4A2ED-A29C-4FF3-ADD0-0F21DCECCFD3}.Debug|x86.Build.0 = Debug|Any CPU
		{2CA4A2ED-A29C-4FF3-ADD0-0F21DCECCFD3}.Release|Any CPU.ActiveCfg = Release|Any CPU
		{2CA4A2ED-A29C-4FF3-ADD0-0F21DCECCFD3}.Release|Any CPU.Build.0 = Release|Any CPU
		{2CA4A2ED-A29C-4FF3-ADD0-0F21DCECCFD3}.Release|x64.ActiveCfg = Release|Any CPU
		{2CA4A2ED-A29C-4FF3-ADD0-0F21DCECCFD3}.Release|x64.Build.0 = Release|Any CPU
		{2CA4A2ED-A29C-4FF3-ADD0-0F21DCECCFD3}.Release|x86.ActiveCfg = Release|Any CPU
		{2CA4A2ED-A29C-4FF3-ADD0-0F21DCECCFD3}.Release|x86.Build.0 = Release|Any CPU
		{BE75285A-04F8-4F50-BAD6-B3E6BFB8C9B4}.Debug|Any CPU.ActiveCfg = Debug|Any CPU
		{BE75285A-04F8-4F50-BAD6-B3E6BFB8C9B4}.Debug|Any CPU.Build.0 = Debug|Any CPU
		{BE75285A-04F8-4F50-BAD6-B3E6BFB8C9B4}.Debug|x64.ActiveCfg = Debug|Any CPU
		{BE75285A-04F8-4F50-BAD6-B3E6BFB8C9B4}.Debug|x64.Build.0 = Debug|Any CPU
		{BE75285A-04F8-4F50-BAD6-B3E6BFB8C9B4}.Debug|x86.ActiveCfg = Debug|Any CPU
		{BE75285A-04F8-4F50-BAD6-B3E6BFB8C9B4}.Debug|x86.Build.0 = Debug|Any CPU
		{BE75285A-04F8-4F50-BAD6-B3E6BFB8C9B4}.Release|Any CPU.ActiveCfg = Release|Any CPU
		{BE75285A-04F8-4F50-BAD6-B3E6BFB8C9B4}.Release|Any CPU.Build.0 = Release|Any CPU
		{BE75285A-04F8-4F50-BAD6-B3E6BFB8C9B4}.Release|x64.ActiveCfg = Release|Any CPU
		{BE75285A-04F8-4F50-BAD6-B3E6BFB8C9B4}.Release|x64.Build.0 = Release|Any CPU
		{BE75285A-04F8-4F50-BAD6-B3E6BFB8C9B4}.Release|x86.ActiveCfg = Release|Any CPU
		{BE75285A-04F8-4F50-BAD6-B3E6BFB8C9B4}.Release|x86.Build.0 = Release|Any CPU
		{76938447-2F96-439D-8E15-ABC9EEFB4354}.Debug|Any CPU.ActiveCfg = Debug|Any CPU
		{76938447-2F96-439D-8E15-ABC9EEFB4354}.Debug|Any CPU.Build.0 = Debug|Any CPU
		{76938447-2F96-439D-8E15-ABC9EEFB4354}.Debug|x64.ActiveCfg = Debug|Any CPU
		{76938447-2F96-439D-8E15-ABC9EEFB4354}.Debug|x64.Build.0 = Debug|Any CPU
		{76938447-2F96-439D-8E15-ABC9EEFB4354}.Debug|x86.ActiveCfg = Debug|Any CPU
		{76938447-2F96-439D-8E15-ABC9EEFB4354}.Debug|x86.Build.0 = Debug|Any CPU
		{76938447-2F96-439D-8E15-ABC9EEFB4354}.Release|Any CPU.ActiveCfg = Release|Any CPU
		{76938447-2F96-439D-8E15-ABC9EEFB4354}.Release|Any CPU.Build.0 = Release|Any CPU
		{76938447-2F96-439D-8E15-ABC9EEFB4354}.Release|x64.ActiveCfg = Release|Any CPU
		{76938447-2F96-439D-8E15-ABC9EEFB4354}.Release|x64.Build.0 = Release|Any CPU
		{76938447-2F96-439D-8E15-ABC9EEFB4354}.Release|x86.ActiveCfg = Release|Any CPU
		{76938447-2F96-439D-8E15-ABC9EEFB4354}.Release|x86.Build.0 = Release|Any CPU
		{1BAA8DCB-40FA-4036-9626-BADF70AE313F}.Debug|Any CPU.ActiveCfg = Debug|Any CPU
		{1BAA8DCB-40FA-4036-9626-BADF70AE313F}.Debug|Any CPU.Build.0 = Debug|Any CPU
		{1BAA8DCB-40FA-4036-9626-BADF70AE313F}.Debug|x64.ActiveCfg = Debug|Any CPU
		{1BAA8DCB-40FA-4036-9626-BADF70AE313F}.Debug|x64.Build.0 = Debug|Any CPU
		{1BAA8DCB-40FA-4036-9626-BADF70AE313F}.Debug|x86.ActiveCfg = Debug|Any CPU
		{1BAA8DCB-40FA-4036-9626-BADF70AE313F}.Debug|x86.Build.0 = Debug|Any CPU
		{1BAA8DCB-40FA-4036-9626-BADF70AE313F}.Release|Any CPU.ActiveCfg = Release|Any CPU
		{1BAA8DCB-40FA-4036-9626-BADF70AE313F}.Release|Any CPU.Build.0 = Release|Any CPU
		{1BAA8DCB-40FA-4036-9626-BADF70AE313F}.Release|x64.ActiveCfg = Release|Any CPU
		{1BAA8DCB-40FA-4036-9626-BADF70AE313F}.Release|x64.Build.0 = Release|Any CPU
		{1BAA8DCB-40FA-4036-9626-BADF70AE313F}.Release|x86.ActiveCfg = Release|Any CPU
		{1BAA8DCB-40FA-4036-9626-BADF70AE313F}.Release|x86.Build.0 = Release|Any CPU
		{4877D9B5-6889-48D8-85B9-637755677C40}.Debug|Any CPU.ActiveCfg = Debug|Any CPU
		{4877D9B5-6889-48D8-85B9-637755677C40}.Debug|Any CPU.Build.0 = Debug|Any CPU
		{4877D9B5-6889-48D8-85B9-637755677C40}.Debug|x64.ActiveCfg = Debug|Any CPU
		{4877D9B5-6889-48D8-85B9-637755677C40}.Debug|x64.Build.0 = Debug|Any CPU
		{4877D9B5-6889-48D8-85B9-637755677C40}.Debug|x86.ActiveCfg = Debug|Any CPU
		{4877D9B5-6889-48D8-85B9-637755677C40}.Debug|x86.Build.0 = Debug|Any CPU
		{4877D9B5-6889-48D8-85B9-637755677C40}.Release|Any CPU.ActiveCfg = Release|Any CPU
		{4877D9B5-6889-48D8-85B9-637755677C40}.Release|Any CPU.Build.0 = Release|Any CPU
		{4877D9B5-6889-48D8-85B9-637755677C40}.Release|x64.ActiveCfg = Release|Any CPU
		{4877D9B5-6889-48D8-85B9-637755677C40}.Release|x64.Build.0 = Release|Any CPU
		{4877D9B5-6889-48D8-85B9-637755677C40}.Release|x86.ActiveCfg = Release|Any CPU
		{4877D9B5-6889-48D8-85B9-637755677C40}.Release|x86.Build.0 = Release|Any CPU
		{9B9A2088-B138-4027-8806-D2F9A579E2C2}.Debug|Any CPU.ActiveCfg = Debug|Any CPU
		{9B9A2088-B138-4027-8806-D2F9A579E2C2}.Debug|Any CPU.Build.0 = Debug|Any CPU
		{9B9A2088-B138-4027-8806-D2F9A579E2C2}.Debug|x64.ActiveCfg = Debug|Any CPU
		{9B9A2088-B138-4027-8806-D2F9A579E2C2}.Debug|x64.Build.0 = Debug|Any CPU
		{9B9A2088-B138-4027-8806-D2F9A579E2C2}.Debug|x86.ActiveCfg = Debug|Any CPU
		{9B9A2088-B138-4027-8806-D2F9A579E2C2}.Debug|x86.Build.0 = Debug|Any CPU
		{9B9A2088-B138-4027-8806-D2F9A579E2C2}.Release|Any CPU.ActiveCfg = Release|Any CPU
		{9B9A2088-B138-4027-8806-D2F9A579E2C2}.Release|Any CPU.Build.0 = Release|Any CPU
		{9B9A2088-B138-4027-8806-D2F9A579E2C2}.Release|x64.ActiveCfg = Release|Any CPU
		{9B9A2088-B138-4027-8806-D2F9A579E2C2}.Release|x64.Build.0 = Release|Any CPU
		{9B9A2088-B138-4027-8806-D2F9A579E2C2}.Release|x86.ActiveCfg = Release|Any CPU
		{9B9A2088-B138-4027-8806-D2F9A579E2C2}.Release|x86.Build.0 = Release|Any CPU
	EndGlobalSection
	GlobalSection(SolutionProperties) = preSolution
		HideSolutionNode = FALSE
	EndGlobalSection
	GlobalSection(ExtensibilityGlobals) = postSolution
		SolutionGuid = {F3A2C398-69D4-473D-916A-77B608F6D241}
	EndGlobalSection
EndGlobal
